
Microsoft Visual Studio Solution File, Format Version 12.00
# Visual Studio 2012
Project("{FAE04EC0-301F-11D3-BF4B-00C04F79EFBC}") = "SecretFiles", "SecretFiles\SecretFiles.csproj", "{2D45ABB4-5DD9-407C-88F8-A902FB45920A}"
EndProject
Project("{FAE04EC0-301F-11D3-BF4B-00C04F79EFBC}") = "SecretFiles.UITests", "SecretFiles.UITests\SecretFiles.UITests.csproj", "{B16038DF-7882-4292-8B46-1EBC7D29963C}"
EndProject
Global
	GlobalSection(SolutionConfigurationPlatforms) = preSolution
		Debug|iPhoneSimulator = Debug|iPhoneSimulator
		Release|iPhone = Release|iPhone
		Release|iPhoneSimulator = Release|iPhoneSimulator
		Debug|iPhone = Debug|iPhone
		Debug|Any CPU = Debug|Any CPU
		Release|Any CPU = Release|Any CPU
	EndGlobalSection
	GlobalSection(ProjectConfigurationPlatforms) = postSolution
		{2D45ABB4-5DD9-407C-88F8-A902FB45920A}.Debug|iPhoneSimulator.ActiveCfg = Debug|iPhoneSimulator
		{2D45ABB4-5DD9-407C-88F8-A902FB45920A}.Debug|iPhoneSimulator.Build.0 = Debug|iPhoneSimulator
		{2D45ABB4-5DD9-407C-88F8-A902FB45920A}.Release|iPhone.ActiveCfg = Release|iPhone
		{2D45ABB4-5DD9-407C-88F8-A902FB45920A}.Release|iPhone.Build.0 = Release|iPhone
		{2D45ABB4-5DD9-407C-88F8-A902FB45920A}.Release|iPhoneSimulator.ActiveCfg = Release|iPhoneSimulator
		{2D45ABB4-5DD9-407C-88F8-A902FB45920A}.Release|iPhoneSimulator.Build.0 = Release|iPhoneSimulator
		{2D45ABB4-5DD9-407C-88F8-A902FB45920A}.Debug|iPhone.ActiveCfg = Debug|iPhone
		{2D45ABB4-5DD9-407C-88F8-A902FB45920A}.Debug|iPhone.Build.0 = Debug|iPhone
		{2D45ABB4-5DD9-407C-88F8-A902FB45920A}.Debug|Any CPU.ActiveCfg = Debug|iPhoneSimulator
		{2D45ABB4-5DD9-407C-88F8-A902FB45920A}.Debug|Any CPU.Build.0 = Debug|iPhoneSimulator
		{2D45ABB4-5DD9-407C-88F8-A902FB45920A}.Release|Any CPU.ActiveCfg = Release|iPhone
		{2D45ABB4-5DD9-407C-88F8-A902FB45920A}.Release|Any CPU.Build.0 = Release|iPhone
		{B16038DF-7882-4292-8B46-1EBC7D29963C}.Debug|iPhoneSimulator.ActiveCfg = Debug|Any CPU
		{B16038DF-7882-4292-8B46-1EBC7D29963C}.Debug|iPhoneSimulator.Build.0 = Debug|Any CPU
		{B16038DF-7882-4292-8B46-1EBC7D29963C}.Release|iPhone.ActiveCfg = Release|Any CPU
		{B16038DF-7882-4292-8B46-1EBC7D29963C}.Release|iPhone.Build.0 = Release|Any CPU
		{B16038DF-7882-4292-8B46-1EBC7D29963C}.Release|iPhoneSimulator.ActiveCfg = Release|Any CPU
		{B16038DF-7882-4292-8B46-1EBC7D29963C}.Release|iPhoneSimulator.Build.0 = Release|Any CPU
		{B16038DF-7882-4292-8B46-1EBC7D29963C}.Debug|iPhone.ActiveCfg = Debug|Any CPU
		{B16038DF-7882-4292-8B46-1EBC7D29963C}.Debug|iPhone.Build.0 = Debug|Any CPU
		{B16038DF-7882-4292-8B46-1EBC7D29963C}.Debug|Any CPU.ActiveCfg = Debug|Any CPU
		{B16038DF-7882-4292-8B46-1EBC7D29963C}.Debug|Any CPU.Build.0 = Debug|Any CPU
		{B16038DF-7882-4292-8B46-1EBC7D29963C}.Release|Any CPU.ActiveCfg = Release|Any CPU
		{B16038DF-7882-4292-8B46-1EBC7D29963C}.Release|Any CPU.Build.0 = Release|Any CPU
	EndGlobalSection
EndGlobal
